{
  "name": "MiddleLib",
  "version": "1.0.0",
  "lockfileVersion": 1,
  "requires": true,
  "dependencies": {
    "BottomLib": {
      "version": "git+https://github.com/Xiaosha61/BottomLib.git#f111b88c2c84c01b668d22563a61bb917b5cad4e",
      "from": "git+https://github.com/Xiaosha61/BottomLib.git"
    }
  }
}
